# This file is autogenerated, do not edit; changes may be undone by the next 'dep ensure'.


[[projects]]
  digest = "1:875bcf6c2f75ea7520d57dfd13d2e800d452833ba006421e28f120daf21b7817"
  name = "github.com/boyter/scc"
  packages = ["processor"]
  pruneopts = ""
  revision = "35560c361e159e2998558740381e829b2473872e"
  version = "v2.1.0"

[[projects]]
  digest = "1:f6485831252319cd6ca29fc170adecf1eb81bf1e805f62f44eb48564ce2485fe"
  name = "github.com/cespare/xxhash"
  packages = ["."]
  pruneopts = ""
  revision = "3b82fb7d186719faeedd0c2864f868c74fbf79a1"
  version = "v2.0.0"

[[projects]]
  digest = "1:0deddd908b6b4b768cfc272c16ee61e7088a60f7fe2f06c547bd3d8e1f8b8e77"
  name = "github.com/davecgh/go-spew"
  packages = ["spew"]
  pruneopts = ""
  revision = "8991bc29aa16c548c550c7ff78260e27b9ab7c73"
  version = "v1.1.1"

[[projects]]
  branch = "master"
  digest = "1:4109d2907a8d33575e76507bad2e4c845f0df654a0da801dc5d63a87c9e68a24"
  name = "github.com/dgryski/go-minhash"
  packages = ["."]
  pruneopts = ""
  revision = "7fe510aff544695d5ca79be4cddc5dafd0e02fa4"

[[projects]]
  branch = "master"
  digest = "1:67f774f0f5cffb6239a693f826a9e85d3c744a04290892582be531a4b3f57a47"
  name = "github.com/ekzhu/minhash-lsh"
  packages = ["."]
  pruneopts = ""
  revision = "5c06ee8586a1691fbfa230842170429e2b31cc05"

[[projects]]
  digest = "1:ba7c75e38d81b9cf3e8601c081567be3b71bccca8c11aee5de98871360aa4d7b"
  name = "github.com/emirpasic/gods"
  packages = [
    "containers",
    "lists",
    "lists/arraylist",
    "trees",
    "trees/binaryheap",
    "utils",
  ]
  pruneopts = ""
  revision = "f6c17b524822278a87e3b3bd809fec33b51f5b46"
  version = "v1.9.0"

[[projects]]
  digest = "1:e988ed0ca0d81f4d28772760c02ee95084961311291bdfefc1b04617c178b722"
  name = "github.com/fatih/color"
  packages = ["."]
  pruneopts = ""
  revision = "5b77d2a35fb0ede96d138fc9a99f5c9b6aef11b4"
  version = "v1.7.0"

[[projects]]
  branch = "master"
  digest = "1:70aa1bd3e2fa38c198e092a93b8444b455c0c0e042cee5e5ca7a197dfa6e1376"
  name = "github.com/hhatto/gorst"
  packages = ["."]
  pruneopts = ""
  revision = "62b8ef48a1a238dfed3e87f235de62cb0a85243a"

[[projects]]
  digest = "1:870d441fe217b8e689d7949fef6e43efbc787e50f200cb1e70dbca9204a1d6be"
  name = "github.com/inconshreveable/mousetrap"
  packages = ["."]
  pruneopts = ""
  revision = "76626ae9c91c4f2a10f34cad8ce83ea42c93bb75"
  version = "v1.0"

[[projects]]
  branch = "master"
  digest = "1:95abc4eba158a39873bd4fabdee576d0ae13826b550f8b710881d80ae4093a0f"
  name = "github.com/jbenet/go-context"
  packages = ["io"]
  pruneopts = ""
  revision = "d14ea06fba99483203c19d92cfcd13ebe73135f4"

[[projects]]
  digest = "1:dddb389214f3ebf7c1f885d0e1f9498a17608f4a9b623c827cafb3c5f91f9ac4"
  name = "github.com/jdkato/prose"
  packages = [
    "chunk",
    "internal/model",
    "internal/util",
    "tag",
    "tokenize",
  ]
  pruneopts = ""
  revision = "20d3663d4bc9dd10d75abcde9d92e04b4861c674"
  version = "v1.1.0"

[[projects]]
  digest = "1:3aa5d39691ecd851b6fbc93946678c3c4b25b291c4026f10cd31d62d5354e87a"
  name = "github.com/karrick/godirwalk"
  packages = ["."]
  pruneopts = ""
  revision = "e404d5af9b9b543c7100f4bf3757c1c3b5399fa9"
  version = "v1.7.3"

[[projects]]
  digest = "1:41e0bed5df4f9fd04c418bf9b6b7179b3671e416ad6175332601ca1c8dc74606"
  name = "github.com/kevinburke/ssh_config"
  packages = ["."]
  pruneopts = ""
  revision = "81db2a75821ed34e682567d48be488a1c3121088"
  version = "0.5"

[[projects]]
  digest = "1:9ea83adf8e96d6304f394d40436f2eb44c1dc3250d223b74088cc253a6cd0a1c"
  name = "github.com/mattn/go-colorable"
  packages = ["."]
  pruneopts = ""
  revision = "167de6bfdfba052fa6b2d3664c8f5272e23c9072"
  version = "v0.0.9"

[[projects]]
  digest = "1:3140e04675a6a91d2a20ea9d10bdadf6072085502e6def6768361260aee4b967"
  name = "github.com/mattn/go-isatty"
  packages = ["."]
  pruneopts = ""
  revision = "6ca4dbf54d38eea1a992b3c722a76a5d1c4cb25c"
  version = "v0.0.4"

[[projects]]
  digest = "1:096a8a9182648da3d00ff243b88407838902b6703fc12657f76890e08d1899bf"
  name = "github.com/mitchellh/go-homedir"
  packages = ["."]
  pruneopts = ""
  revision = "ae18d6b8b3205b561c79e8e5f69bff09736185f4"
  version = "v1.0.0"

[[projects]]
  branch = "master"
  digest = "1:e1103281cbf5ed2d0d10b093280d36622004ad83a8daf1514ebda915ad1b093c"
  name = "github.com/monochromegane/go-gitignore"
  packages = ["."]
  pruneopts = ""
  revision = "38717d0a108ca0e5af632cd6845ca77d45b50729"

[[projects]]
  digest = "1:8707789730adf8e55b0dde54c0f92ca8100c11c30d36191466c56be4b8ccb524"
  name = "github.com/montanaflynn/stats"
  packages = ["."]
  pruneopts = ""
  revision = "1bf9dbcd8cbe1fdb75add3785b1d4a9a646269ab"
  version = "0.3.0"

[[projects]]
  digest = "1:cc5528d3a384db908d3c309211adb54610b0287098a2df1918ed852b6f8cb41e"
  name = "github.com/moovweb/rubex"
  packages = ["."]
  pruneopts = ""
  revision = "cb849acea6148000db8a55743f71476b0897ea41"
  version = "6.3.107"

[[projects]]
  digest = "1:049b5bee78dfdc9628ee0e557219c41f683e5b06c5a5f20eaba0105ccc586689"
  name = "github.com/pelletier/go-buffruneio"
  packages = ["."]
  pruneopts = ""
  revision = "c37440a7cf42ac63b919c752ca73a85067e05992"
  version = "v0.2.0"

[[projects]]
  digest = "1:210286d0cb60ffe28f1ca00b664029e8943009f95d06d8f8c336301b28e1aee5"
  name = "github.com/philhofer/fwd"
  packages = ["."]
  pruneopts = ""
  revision = "bb6d471dc95d4fe11e432687f8b70ff496cf3136"
  version = "v1.0.0"

[[projects]]
  digest = "1:7365acd48986e205ccb8652cc746f09c8b7876030d53710ea6ef7d0bd0dcd7ca"
  name = "github.com/pkg/errors"
  packages = ["."]
  pruneopts = ""
  revision = "645ef00459ed84a119197bfb8d8205042c6df63d"
  version = "v0.8.0"

[[projects]]
  digest = "1:1cbc6b98173422a756ae79e485952cb37a0a460c710541c75d3e9961c5a60782"
  name = "github.com/pkg/profile"
  packages = ["."]
  pruneopts = ""
  revision = "5b67d428864e92711fcbd2f8629456121a56d91f"
  version = "v1.2.1"

[[projects]]
  digest = "1:256484dbbcd271f9ecebc6795b2df8cad4c458dd0f5fd82a8c2fa0c29f233411"
  name = "github.com/pmezard/go-difflib"
  packages = ["difflib"]
  pruneopts = ""
  revision = "792786c7400a136282c1664665ae0a8db921c6c2"
  version = "v1.0.0"

[[projects]]
  digest = "1:3962f553b77bf6c03fc07cd687a22dd3b00fe11aa14d31194f5505f5bb65cdc8"
  name = "github.com/sergi/go-diff"
  packages = ["diffmatchpatch"]
  pruneopts = ""
  revision = "1744e2970ca51c86172c8190fadad617561ed6e7"
  version = "v1.0.0"

[[projects]]
  branch = "master"
  digest = "1:d09c4b522aeb8cd1ff0eec65f3900a29749b770548ce5aeb3002967dfd33f462"
  name = "github.com/shogo82148/go-shuffle"
  packages = ["."]
  pruneopts = ""
  revision = "27e6095f230d6c769aafa7232db643a628bd87ad"

[[projects]]
  branch = "master"
  digest = "1:606fa779c7a80ab6a9ec5836cd12759f86cd6e1d82d5d60cf7ec5133e78c6cf8"
  name = "github.com/shurcooL/sanitized_anchor_name"
  packages = ["."]
  pruneopts = ""
  revision = "86672fcb3f950f35f2e675df2240550f2a50762f"

[[projects]]
  digest = "1:a1403cc8a94b8d7956ee5e9694badef0e7b051af289caad1cf668331e3ffa4f6"
  name = "github.com/spf13/cobra"
  packages = ["."]
  pruneopts = ""
  revision = "ef82de70bb3f60c65fb8eebacbb2d122ef517385"
  version = "v0.0.3"

[[projects]]
  digest = "1:0a52bcb568386d98f4894575d53ce3e456f56471de6897bb8b9de13c33d9340e"
  name = "github.com/spf13/pflag"
  packages = ["."]
  pruneopts = ""
  revision = "9a97c102cda95a86cec2345a6f09f55a939babf5"
  version = "v1.0.2"

[[projects]]
  digest = "1:b1861b9a1aa0801b0b62945ed7477c1ab61a4bd03b55dfbc27f6d4f378110c8c"
  name = "github.com/src-d/gcfg"
  packages = [
    ".",
    "scanner",
    "token",
    "types",
  ]
  pruneopts = ""
  revision = "f187355171c936ac84a82793659ebb4936bc1c23"
  version = "v1.3.0"

[[projects]]
  digest = "1:c587772fb8ad29ad4db67575dad25ba17a51f072ff18a22b4f0257a4d9c24f75"
  name = "github.com/stretchr/testify"
  packages = ["assert"]
  pruneopts = ""
  revision = "f35b8ab0b5a2cef36673838d662e249dd9c94686"
  version = "v1.2.2"

[[projects]]
  digest = "1:23ed2a28cfc147d46f7fbf4d85f83f6d659e15eac4ad1c16c4d32b19da5bd2fa"
  name = "github.com/tinylib/msgp"
  packages = ["msgp"]
  pruneopts = ""
  revision = "af6442a0fcf6e2a1b824f70dd0c734f01e817751"
  version = "v1.1.0"

[[projects]]
  branch = "master"
  digest = "1:5c64ec8b51a66a54a986a445dca34e97ce24eb6c859013b6f96806bd2ef06d2a"
  name = "github.com/toqueteos/trie"
  packages = ["."]
  pruneopts = ""
  revision = "56fed4a05683322f125e2d78ee269bb102280392"

[[projects]]
  digest = "1:afc0b8068986a01e2d8f449917829753a54f6bd4d1265c2b4ad9cba75560020f"
  name = "github.com/xanzy/ssh-agent"
  packages = ["."]
  pruneopts = ""
  revision = "640f0ab560aeb89d523bb6ac322b1244d5c3796c"
  version = "v0.2.0"

[[projects]]
  branch = "master"
  digest = "1:b2d8b39397ca07929a3de3a3fd2b6ca4c8d48e9cadaa7cf2b083e27fd9e78107"
  name = "golang.org/x/crypto"
  packages = [
    "cast5",
    "curve25519",
    "ed25519",
    "ed25519/internal/edwards25519",
    "internal/chacha20",
    "internal/subtle",
    "openpgp",
    "openpgp/armor",
    "openpgp/elgamal",
    "openpgp/errors",
    "openpgp/packet",
    "openpgp/s2k",
    "poly1305",
    "ssh",
    "ssh/agent",
    "ssh/knownhosts",
  ]
  pruneopts = ""
  revision = "0709b304e793a5edb4a2c0145f281ecdc20838a4"

[[projects]]
  branch = "master"
  digest = "1:71dd3ac38320ecf0db28de73ee53698a201608b99e90a2a45c44e7d432e658d7"
  name = "golang.org/x/exp"
  packages = ["rand"]
  pruneopts = ""
  revision = "e88728d35e99800368f4acc0969018db6b0d3dd5"

[[projects]]
  branch = "master"
  digest = "1:782723d6fc27d202f1943219d68d58b3f6bcab6212c85294b1ddd8b586b1d356"
  name = "golang.org/x/net"
  packages = [
    "context",
    "html",
    "html/atom",
  ]
  pruneopts = ""
  revision = "161cd47e91fd58ac17490ef4d742dc98bb4cf60e"

[[projects]]
  branch = "master"
  digest = "1:ed900376500543ca05f2a2383e1f541b4606f19cd22f34acb81b17a0b90c7f3e"
  name = "golang.org/x/sys"
  packages = [
    "unix",
    "windows",
  ]
  pruneopts = ""
  revision = "d0be0721c37eeb5299f245a996a483160fc36940"

[[projects]]
  digest = "1:5acd3512b047305d49e8763eef7ba423901e85d5dd2fd1e71778a0ea8de10bd4"
  name = "golang.org/x/text"
  packages = [
    "feature/plural",
    "internal",
    "internal/catmsg",
    "internal/format",
    "internal/gen",
    "internal/number",
    "internal/stringset",
    "internal/tag",
    "internal/triegen",
    "internal/ucd",
    "language",
    "message",
    "message/catalog",
    "runes",
    "transform",
    "unicode/cldr",
    "unicode/norm",
  ]
  pruneopts = ""
  revision = "f21a4dfb5e38f5895301dc265a8def02365cc3d0"
  version = "v0.3.0"

[[projects]]
  branch = "master"
  digest = "1:3c5eb2854703bc69bcaaefa6859907c6f0de189df1cb1dee88828edcc7a09138"
  name = "gonum.org/v1/gonum"
  packages = [
    "blas",
    "blas/blas64",
    "blas/gonum",
    "floats",
    "internal/asm/c128",
    "internal/asm/f32",
    "internal/asm/f64",
    "internal/math32",
    "lapack",
    "lapack/gonum",
    "lapack/lapack64",
    "mat",
    "mathext",
    "mathext/internal/amos",
    "mathext/internal/cephes",
    "mathext/internal/gonum",
    "stat",
    "stat/distuv",
  ]
  pruneopts = ""
  revision = "a809dafcb141e2414a6cf04a680ff84e72d45c69"

[[projects]]
  digest = "1:ee61318135df9d2d687cc8a8f420ef67ce306caf66193d383e7493a6f578ef52"
  name = "gopkg.in/neurosnap/sentences.v1"
  packages = [
    ".",
    "data",
  ]
  pruneopts = ""
  revision = "a7f18ead1433a139742a8b42ce7a059cfb484d60"
  version = "v1.0.6"

[[projects]]
  digest = "1:1527313af610f96f1ea591b06bb46edfe8ae17f13d74d2e40c4fed7cd618e678"
  name = "gopkg.in/russross/blackfriday.v2"
  packages = ["."]
  pruneopts = ""
  revision = "cadec560ec52d93835bf2f15bd794700d3a2473b"
  version = "v2.0.0"

[[projects]]
  digest = "1:88316440c1d0311ce17223ad941eba557289459149172bc16a69cf4f5742d0e6"
  name = "gopkg.in/src-d/enry.v1"
  packages = [
    ".",
    "data",
    "internal/tokenizer",
    "regex",
  ]
  pruneopts = ""
  revision = "15bb13117fb1cc607bf87046d41ac7b53084c18b"
  version = "v1.6.5"

[[projects]]
  digest = "1:b69d07a0c343df42e18459e3760bfebad6211b18953bb8666edb8c8b33c4703a"
  name = "gopkg.in/src-d/go-billy-siva.v4"
  packages = ["."]
  pruneopts = ""
  revision = "cd8ce6d3364eb9355e1f63649174b26901fb43c4"
  version = "v4.2.1"

[[projects]]
  digest = "1:c8f3ff1edaf7208bf7633e5952ffb8d697552343f8010aee12427400b434ae63"
  name = "gopkg.in/src-d/go-billy.v4"
  packages = [
    ".",
    "helper/chroot",
    "helper/mount",
    "helper/polyfill",
    "memfs",
    "osfs",
    "util",
  ]
  pruneopts = ""
  revision = "59952543636f55de3f860b477b615093d5c2c3e4"
  version = "v4.2.1"

[[projects]]
  digest = "1:a77c60b21f224f0ddc9c7e9407008c6e7dfbca88e5a6e827aa27ecf80497ebb6"
  name = "gopkg.in/src-d/go-git.v4"
  packages = [
    ".",
    "config",
    "internal/revision",
    "plumbing",
    "plumbing/cache",
    "plumbing/filemode",
    "plumbing/format/config",
    "plumbing/format/diff",
    "plumbing/format/gitignore",
    "plumbing/format/idxfile",
    "plumbing/format/index",
    "plumbing/format/objfile",
    "plumbing/format/packfile",
    "plumbing/format/pktline",
    "plumbing/object",
    "plumbing/protocol/packp",
    "plumbing/protocol/packp/capability",
    "plumbing/protocol/packp/sideband",
    "plumbing/revlist",
    "plumbing/storer",
    "plumbing/transport",
    "plumbing/transport/client",
    "plumbing/transport/file",
    "plumbing/transport/git",
    "plumbing/transport/http",
    "plumbing/transport/internal/common",
    "plumbing/transport/server",
    "plumbing/transport/ssh",
    "storage",
    "storage/filesystem",
    "storage/filesystem/dotgit",
    "storage/memory",
    "utils/binary",
    "utils/diff",
    "utils/ioutil",
    "utils/merkletrie",
    "utils/merkletrie/filesystem",
    "utils/merkletrie/index",
    "utils/merkletrie/internal/frame",
    "utils/merkletrie/noder",
  ]
  pruneopts = ""
  revision = "d3cec13ac0b195bfb897ed038a08b5130ab9969e"
  version = "v4.7.0"

[[projects]]
  digest = "1:22281cc3c1c4ce8052913791b4fded1f591f433f31852399ee92044b20ce3267"
  name = "gopkg.in/src-d/go-license-detector.v2"
  packages = [
    "licensedb",
    "licensedb/filer",
    "licensedb/internal",
    "licensedb/internal/assets",
    "licensedb/internal/fastlog",
    "licensedb/internal/normalize",
    "licensedb/internal/processors",
    "licensedb/internal/wmh",
  ]
  pruneopts = ""
  revision = "da552ecf050b6440cf8bd0218a8c336213abeefa"
  version = "v2"

[[projects]]
  digest = "1:952e82e2343990fa2bb01e42f13da314e6968b734e87b7b1a76892fab2029fda"
  name = "gopkg.in/src-d/go-siva.v1"
  packages = ["."]
  pruneopts = ""
  revision = "b4cd504f9d6e57728058609e4540e931fbd41220"
  version = "v1.1.3"

[[projects]]
  digest = "1:83aacdc3b7d95550b004ce34f9fe68dc50628aa3d2f4e99b5970876b8bb2b1f0"
  name = "gopkg.in/toqueteos/substring.v1"
  packages = ["."]
  pruneopts = ""
  revision = "c5f61671513240ddf5563635cc4a90e9f3ae4710"
  version = "v1.0.2"

[[projects]]
  digest = "1:ceec7e96590fb8168f36df4795fefe17051d4b0c2acc7ec4e260d8138c4dafac"
  name = "gopkg.in/warnings.v0"
  packages = ["."]
  pruneopts = ""
  revision = "ec4a0fea49c7b46c2aeb0b51aac55779c607e52b"
  version = "v0.1.2"

[solve-meta]
  analyzer-name = "dep"
  analyzer-version = 1
  input-imports = [
    "github.com/boyter/scc/processor",
    "github.com/cespare/xxhash",
    "github.com/fatih/color",
    "github.com/pkg/profile",
    "github.com/spf13/cobra",
    "github.com/stretchr/testify/assert",
    "github.com/tinylib/msgp/msgp",
    "gopkg.in/src-d/enry.v1",
    "gopkg.in/src-d/go-license-detector.v2/licensedb",
    "gopkg.in/src-d/go-license-detector.v2/licensedb/filer",
  ]
  solver-name = "gps-cdcl"
  solver-version = 1
